# THIS IS AN AUTOGENERATED FILE. DO NOT EDIT THIS FILE DIRECTLY.
# yarn lockfile v1


"@types/chai-as-promised@0.0.29":
  version "0.0.29"
  resolved "https://registry.yarnpkg.com/@types/chai-as-promised/-/chai-as-promised-0.0.29.tgz#43d52892aa998e185a3de3e2477edb8573be1d77"
  dependencies:
    "@types/chai" "*"
    "@types/promises-a-plus" "*"

"@types/chai@*":
  version "4.0.4"
  resolved "https://registry.yarnpkg.com/@types/chai/-/chai-4.0.4.tgz#fe86315d9a66827feeb16f73bc954688ec950e18"

"@types/chai@3.4.35":
  version "3.4.35"
  resolved "https://registry.yarnpkg.com/@types/chai/-/chai-3.4.35.tgz#e8d65f83492d2944f816fc620741821c28a8c900"

"@types/lodash@4.14.55":
  version "4.14.55"
  resolved "https://registry.yarnpkg.com/@types/lodash/-/lodash-4.14.55.tgz#75d7d4eba020ee4103d4cbd0f2a3ef5db8f7534f"

"@types/mocha@2.2.39":
  version "2.2.39"
  resolved "https://registry.yarnpkg.com/@types/mocha/-/mocha-2.2.39.tgz#f68d63db8b69c38e9558b4073525cf96c4f7a829"

"@types/node@^8.0.33":
  version "8.0.33"
  resolved "https://registry.yarnpkg.com/@types/node/-/node-8.0.33.tgz#1126e94374014e54478092830704f6ea89df04cd"

"@types/promises-a-plus@*":
  version "0.0.27"
  resolved "https://registry.yarnpkg.com/@types/promises-a-plus/-/promises-a-plus-0.0.27.tgz#c64651134614c84b8f5d7114ce8901d36a609780"

"@types/socket.io-client@1.4.29":
  version "1.4.29"
  resolved "https://registry.yarnpkg.com/@types/socket.io-client/-/socket.io-client-1.4.29.tgz#f8743070cee93175e36e0b6a77a8af73e58ccb32"

after@0.8.2:
  version "0.8.2"
  resolved "https://registry.yarnpkg.com/after/-/after-0.8.2.tgz#fedb394f9f0e02aa9768e702bda23b505fae7e1f"

ansi-regex@^0.2.0, ansi-regex@^0.2.1:
  version "0.2.1"
  resolved "https://registry.yarnpkg.com/ansi-regex/-/ansi-regex-0.2.1.tgz#0d8e946967a3d8143f93e24e298525fc1b2235f9"

ansi-styles@^1.1.0:
  version "1.1.0"
  resolved "https://registry.yarnpkg.com/ansi-styles/-/ansi-styles-1.1.0.tgz#eaecbf66cd706882760b2f4691582b8f55d7a7de"

arraybuffer.slice@0.0.6:
  version "0.0.6"
  resolved "https://registry.yarnpkg.com/arraybuffer.slice/-/arraybuffer.slice-0.0.6.tgz#f33b2159f0532a3f3107a272c0ccfbd1ad2979ca"

assertion-error@^1.0.1:
  version "1.0.2"
  resolved "https://registry.yarnpkg.com/assertion-error/-/assertion-error-1.0.2.tgz#13ca515d86206da0bac66e834dd397d87581094c"

axios@0.15.3:
  version "0.15.3"
  resolved "https://registry.yarnpkg.com/axios/-/axios-0.15.3.tgz#2c9d638b2e191a08ea1d6cc988eadd6ba5bdc053"
  dependencies:
    follow-redirects "1.0.0"

backo2@1.0.2:
  version "1.0.2"
  resolved "https://registry.yarnpkg.com/backo2/-/backo2-1.0.2.tgz#31ab1ac8b129363463e35b3ebb69f4dfcfba7947"

balanced-match@^1.0.0:
  version "1.0.0"
  resolved "https://registry.yarnpkg.com/balanced-match/-/balanced-match-1.0.0.tgz#89b4d199ab2bee49de164ea02b89ce462d71b767"

base64-arraybuffer@0.1.5:
  version "0.1.5"
  resolved "https://registry.yarnpkg.com/base64-arraybuffer/-/base64-arraybuffer-0.1.5.tgz#73926771923b5a19747ad666aa5cd4bf9c6e9ce8"

better-assert@~1.0.0:
  version "1.0.2"
  resolved "https://registry.yarnpkg.com/better-assert/-/better-assert-1.0.2.tgz#40866b9e1b9e0b55b481894311e68faffaebc522"
  dependencies:
    callsite "1.0.0"

blob@0.0.4:
  version "0.0.4"
  resolved "https://registry.yarnpkg.com/blob/-/blob-0.0.4.tgz#bcf13052ca54463f30f9fc7e95b9a47630a94921"

brace-expansion@^1.1.7:
  version "1.1.8"
  resolved "https://registry.yarnpkg.com/brace-expansion/-/brace-expansion-1.1.8.tgz#c07b211c7c952ec1f8efd51a77ef0d1d3990a292"
  dependencies:
    balanced-match "^1.0.0"
    concat-map "0.0.1"

browser-stdout@1.3.0:
  version "1.3.0"
  resolved "https://registry.yarnpkg.com/browser-stdout/-/browser-stdout-1.3.0.tgz#f351d32969d32fa5d7a5567154263d928ae3bd1f"

callsite@1.0.0:
  version "1.0.0"
  resolved "https://registry.yarnpkg.com/callsite/-/callsite-1.0.0.tgz#280398e5d664bd74038b6f0905153e6e8af1bc20"

chai-as-promised@6.0.0:
  version "6.0.0"
  resolved "https://registry.yarnpkg.com/chai-as-promised/-/chai-as-promised-6.0.0.tgz#1a02a433a6f24dafac63b9c96fa1684db1aa8da6"
  dependencies:
    check-error "^1.0.2"

chai-subset@1.5.0:
  version "1.5.0"
  resolved "https://registry.yarnpkg.com/chai-subset/-/chai-subset-1.5.0.tgz#d03dbcfa8c9daad848643bbde4e63376b7882427"

chai@3.5.0:
  version "3.5.0"
  resolved "https://registry.yarnpkg.com/chai/-/chai-3.5.0.tgz#4d02637b067fe958bdbfdd3a40ec56fef7373247"
  dependencies:
    assertion-error "^1.0.1"
    deep-eql "^0.1.3"
    type-detect "^1.0.0"

chalk@0.5.1:
  version "0.5.1"
  resolved "https://registry.yarnpkg.com/chalk/-/chalk-0.5.1.tgz#663b3a648b68b55d04690d49167aa837858f2174"
  dependencies:
    ansi-styles "^1.1.0"
    escape-string-regexp "^1.0.0"
    has-ansi "^0.1.0"
    strip-ansi "^0.3.0"
    supports-color "^0.2.0"

check-error@^1.0.2:
  version "1.0.2"
  resolved "https://registry.yarnpkg.com/check-error/-/check-error-1.0.2.tgz#574d312edd88bb5dd8912e9286dd6c0aed4aac82"

commander@2.11.0:
  version "2.11.0"
  resolved "https://registry.yarnpkg.com/commander/-/commander-2.11.0.tgz#157152fd1e7a6c8d98a5b715cf376df928004563"

commander@2.6.0:
  version "2.6.0"
  resolved "https://registry.yarnpkg.com/commander/-/commander-2.6.0.tgz#9df7e52fb2a0cb0fb89058ee80c3104225f37e1d"

commander@2.9.0:
  version "2.9.0"
  resolved "https://registry.yarnpkg.com/commander/-/commander-2.9.0.tgz#9c99094176e12240cb22d6c5146098400fe0f7d4"
  dependencies:
    graceful-readlink ">= 1.0.0"

component-bind@1.0.0:
  version "1.0.0"
  resolved "https://registry.yarnpkg.com/component-bind/-/component-bind-1.0.0.tgz#00c608ab7dcd93897c0009651b1d3a8e1e73bbd1"

component-emitter@1.1.2:
  version "1.1.2"
  resolved "https://registry.yarnpkg.com/component-emitter/-/component-emitter-1.1.2.tgz#296594f2753daa63996d2af08d15a95116c9aec3"

component-emitter@1.2.1:
  version "1.2.1"
  resolved "https://registry.yarnpkg.com/component-emitter/-/component-emitter-1.2.1.tgz#137918d6d78283f7df7a6b7c5a63e140e69425e6"

component-inherit@0.0.3:
  version "0.0.3"
  resolved "https://registry.yarnpkg.com/component-inherit/-/component-inherit-0.0.3.tgz#645fc4adf58b72b649d5cae65135619db26ff143"

concat-map@0.0.1:
  version "0.0.1"
  resolved "https://registry.yarnpkg.com/concat-map/-/concat-map-0.0.1.tgz#d8a96bd77fd68df7793a73036a3ba0d5405d477b"

concurrently@~3.5.0:
  version "3.5.0"
  resolved "https://registry.yarnpkg.com/concurrently/-/concurrently-3.5.0.tgz#8cf1b7707a6916a78a4ff5b77bb04dec54b379b2"
  dependencies:
    chalk "0.5.1"
    commander "2.6.0"
    date-fns "^1.23.0"
    lodash "^4.5.1"
    rx "2.3.24"
    spawn-command "^0.0.2-1"
    supports-color "^3.2.3"
    tree-kill "^1.1.0"

date-fns@^1.23.0:
  version "1.28.5"
  resolved "https://registry.yarnpkg.com/date-fns/-/date-fns-1.28.5.tgz#257cfc45d322df45ef5658665967ee841cd73faf"

debug@2.2.0:
  version "2.2.0"
  resolved "https://registry.yarnpkg.com/debug/-/debug-2.2.0.tgz#f87057e995b1a1f6ae6a4960664137bc56f039da"
  dependencies:
    ms "0.7.1"

debug@2.3.3:
  version "2.3.3"
  resolved "https://registry.yarnpkg.com/debug/-/debug-2.3.3.tgz#40c453e67e6e13c901ddec317af8986cda9eff8c"
  dependencies:
    ms "0.7.2"

debug@3.1.0:
  version "3.1.0"
  resolved "https://registry.yarnpkg.com/debug/-/debug-3.1.0.tgz#5bb5a0672628b64149566ba16819e61518c67261"
  dependencies:
    ms "2.0.0"

debug@^2.2.0:
  version "2.6.9"
  resolved "https://registry.yarnpkg.com/debug/-/debug-2.6.9.tgz#5d128515df134ff327e90a4c93f4e077a536341f"
  dependencies:
    ms "2.0.0"

deep-eql@^0.1.3:
  version "0.1.3"
  resolved "https://registry.yarnpkg.com/deep-eql/-/deep-eql-0.1.3.tgz#ef558acab8de25206cd713906d74e56930eb69f2"
  dependencies:
    type-detect "0.1.1"

diff@1.4.0:
  version "1.4.0"
  resolved "https://registry.yarnpkg.com/diff/-/diff-1.4.0.tgz#7f28d2eb9ee7b15a97efd89ce63dcfdaa3ccbabf"

diff@3.3.1:
  version "3.3.1"
  resolved "https://registry.yarnpkg.com/diff/-/diff-3.3.1.tgz#aa8567a6eed03c531fc89d3f711cd0e5259dec75"

engine.io-client@1.8.3:
  version "1.8.3"
  resolved "https://registry.yarnpkg.com/engine.io-client/-/engine.io-client-1.8.3.tgz#1798ed93451246453d4c6f635d7a201fe940d5ab"
  dependencies:
    component-emitter "1.2.1"
    component-inherit "0.0.3"
    debug "2.3.3"
    engine.io-parser "1.3.2"
    has-cors "1.1.0"
    indexof "0.0.1"
    parsejson "0.0.3"
    parseqs "0.0.5"
    parseuri "0.0.5"
    ws "1.1.2"
    xmlhttprequest-ssl "1.5.3"
    yeast "0.1.2"

engine.io-parser@1.3.2:
  version "1.3.2"
  resolved "https://registry.yarnpkg.com/engine.io-parser/-/engine.io-parser-1.3.2.tgz#937b079f0007d0893ec56d46cb220b8cb435220a"
  dependencies:
    after "0.8.2"
    arraybuffer.slice "0.0.6"
    base64-arraybuffer "0.1.5"
    blob "0.0.4"
    has-binary "0.1.7"
    wtf-8 "1.0.0"

escape-string-regexp@1.0.5, escape-string-regexp@^1.0.0:
  version "1.0.5"
  resolved "https://registry.yarnpkg.com/escape-string-regexp/-/escape-string-regexp-1.0.5.tgz#1b61c0562190a8dff6ae3bb2cf0200ca130b86d4"

eslint-plugin-node@^5.1.0:
  version "5.2.0"
  resolved "https://registry.yarnpkg.com/eslint-plugin-node/-/eslint-plugin-node-5.2.0.tgz#e1efca04a385516cff3f2f04027ce8c5ae6db749"
  dependencies:
    ignore "^3.3.3"
    minimatch "^3.0.4"
    resolve "^1.3.3"
    semver "5.3.0"

eventemitter3@2.0.2:
  version "2.0.2"
  resolved "https://registry.yarnpkg.com/eventemitter3/-/eventemitter3-2.0.2.tgz#20ce4891909ce9f35b088c94fab40e2c96f473ac"

follow-redirects@1.0.0:
  version "1.0.0"
  resolved "https://registry.yarnpkg.com/follow-redirects/-/follow-redirects-1.0.0.tgz#8e34298cbd2e176f254effec75a1c78cc849fd37"
  dependencies:
    debug "^2.2.0"

formatio@1.1.1:
  version "1.1.1"
  resolved "https://registry.yarnpkg.com/formatio/-/formatio-1.1.1.tgz#5ed3ccd636551097383465d996199100e86161e9"
  dependencies:
    samsam "~1.1"

fs.realpath@^1.0.0:
  version "1.0.0"
  resolved "https://registry.yarnpkg.com/fs.realpath/-/fs.realpath-1.0.0.tgz#1504ad2523158caa40db4a2787cb01411994ea4f"

glob@7.0.5:
  version "7.0.5"
  resolved "https://registry.yarnpkg.com/glob/-/glob-7.0.5.tgz#b4202a69099bbb4d292a7c1b95b6682b67ebdc95"
  dependencies:
    fs.realpath "^1.0.0"
    inflight "^1.0.4"
    inherits "2"
    minimatch "^3.0.2"
    once "^1.3.0"
    path-is-absolute "^1.0.0"

glob@7.1.2, glob@^7.0.5:
  version "7.1.2"
  resolved "https://registry.yarnpkg.com/glob/-/glob-7.1.2.tgz#c19c9df9a028702d678612384a6552404c636d15"
  dependencies:
    fs.realpath "^1.0.0"
    inflight "^1.0.4"
    inherits "2"
    minimatch "^3.0.4"
    once "^1.3.0"
    path-is-absolute "^1.0.0"

"graceful-readlink@>= 1.0.0":
  version "1.0.1"
  resolved "https://registry.yarnpkg.com/graceful-readlink/-/graceful-readlink-1.0.1.tgz#4cafad76bc62f02fa039b2f94e9a3dd3a391a725"

growl@1.10.2:
  version "1.10.2"
  resolved "https://registry.yarnpkg.com/growl/-/growl-1.10.2.tgz#8f16dfcd8fb7c04cfc1f4e0012e0ea858726979a"
  dependencies:
    eslint-plugin-node "^5.1.0"

growl@1.9.2:
  version "1.9.2"
  resolved "https://registry.yarnpkg.com/growl/-/growl-1.9.2.tgz#0ea7743715db8d8de2c5ede1775e1b45ac85c02f"

has-ansi@^0.1.0:
  version "0.1.0"
  resolved "https://registry.yarnpkg.com/has-ansi/-/has-ansi-0.1.0.tgz#84f265aae8c0e6a88a12d7022894b7568894c62e"
  dependencies:
    ansi-regex "^0.2.0"

has-binary@0.1.7:
  version "0.1.7"
  resolved "https://registry.yarnpkg.com/has-binary/-/has-binary-0.1.7.tgz#68e61eb16210c9545a0a5cce06a873912fe1e68c"
  dependencies:
    isarray "0.0.1"

has-cors@1.1.0:
  version "1.1.0"
  resolved "https://registry.yarnpkg.com/has-cors/-/has-cors-1.1.0.tgz#5e474793f7ea9843d1bb99c23eef49ff126fff39"

has-flag@^1.0.0:
  version "1.0.0"
  resolved "https://registry.yarnpkg.com/has-flag/-/has-flag-1.0.0.tgz#9d9e793165ce017a00f00418c43f942a7b1d11fa"

has-flag@^2.0.0:
  version "2.0.0"
  resolved "https://registry.yarnpkg.com/has-flag/-/has-flag-2.0.0.tgz#e8207af1cc7b30d446cc70b734b5e8be18f88d51"

he@1.1.1:
  version "1.1.1"
  resolved "https://registry.yarnpkg.com/he/-/he-1.1.1.tgz#93410fd21b009735151f8868c2f271f3427e23fd"

ignore@^3.3.3:
  version "3.3.5"
  resolved "https://registry.yarnpkg.com/ignore/-/ignore-3.3.5.tgz#c4e715455f6073a8d7e5dae72d2fc9d71663dba6"

indexof@0.0.1:
  version "0.0.1"
  resolved "https://registry.yarnpkg.com/indexof/-/indexof-0.0.1.tgz#82dc336d232b9062179d05ab3293a66059fd435d"

inflight@^1.0.4:
  version "1.0.6"
  resolved "https://registry.yarnpkg.com/inflight/-/inflight-1.0.6.tgz#49bd6331d7d02d0c09bc910a1075ba8165b56df9"
  dependencies:
    once "^1.3.0"
    wrappy "1"

inherits@2:
  version "2.0.3"
  resolved "https://registry.yarnpkg.com/inherits/-/inherits-2.0.3.tgz#633c2c83e3da42a502f52466022480f4208261de"

isarray@0.0.1:
  version "0.0.1"
  resolved "https://registry.yarnpkg.com/isarray/-/isarray-0.0.1.tgz#8a18acfca9a8f4177e09abfc6038939b05d1eedf"

json3@3.3.2:
  version "3.3.2"
  resolved "https://registry.yarnpkg.com/json3/-/json3-3.3.2.tgz#3c0434743df93e2f5c42aee7b19bcb483575f4e1"

lodash._baseassign@^3.0.0:
  version "3.2.0"
  resolved "https://registry.yarnpkg.com/lodash._baseassign/-/lodash._baseassign-3.2.0.tgz#8c38a099500f215ad09e59f1722fd0c52bfe0a4e"
  dependencies:
    lodash._basecopy "^3.0.0"
    lodash.keys "^3.0.0"

lodash._basecopy@^3.0.0:
  version "3.0.1"
  resolved "https://registry.yarnpkg.com/lodash._basecopy/-/lodash._basecopy-3.0.1.tgz#8da0e6a876cf344c0ad8a54882111dd3c5c7ca36"

lodash._basecreate@^3.0.0:
  version "3.0.3"
  resolved "https://registry.yarnpkg.com/lodash._basecreate/-/lodash._basecreate-3.0.3.tgz#1bc661614daa7fc311b7d03bf16806a0213cf821"

lodash._getnative@^3.0.0:
  version "3.9.1"
  resolved "https://registry.yarnpkg.com/lodash._getnative/-/lodash._getnative-3.9.1.tgz#570bc7dede46d61cdcde687d65d3eecbaa3aaff5"

lodash._isiterateecall@^3.0.0:
  version "3.0.9"
  resolved "https://registry.yarnpkg.com/lodash._isiterateecall/-/lodash._isiterateecall-3.0.9.tgz#5203ad7ba425fae842460e696db9cf3e6aac057c"

lodash.create@3.1.1:
  version "3.1.1"
  resolved "https://registry.yarnpkg.com/lodash.create/-/lodash.create-3.1.1.tgz#d7f2849f0dbda7e04682bb8cd72ab022461debe7"
  dependencies:
    lodash._baseassign "^3.0.0"
    lodash._basecreate "^3.0.0"
    lodash._isiterateecall "^3.0.0"

lodash.isarguments@^3.0.0:
  version "3.1.0"
  resolved "https://registry.yarnpkg.com/lodash.isarguments/-/lodash.isarguments-3.1.0.tgz#2f573d85c6a24289ff00663b491c1d338ff3458a"

lodash.isarray@^3.0.0:
  version "3.0.4"
  resolved "https://registry.yarnpkg.com/lodash.isarray/-/lodash.isarray-3.0.4.tgz#79e4eb88c36a8122af86f844aa9bcd851b5fbb55"

lodash.keys@^3.0.0:
  version "3.1.2"
  resolved "https://registry.yarnpkg.com/lodash.keys/-/lodash.keys-3.1.2.tgz#4dbc0472b156be50a0b286855d1bd0b0c656098a"
  dependencies:
    lodash._getnative "^3.0.0"
    lodash.isarguments "^3.0.0"
    lodash.isarray "^3.0.0"

lodash@4.17.4, lodash@^4.5.1:
  version "4.17.4"
  resolved "https://registry.yarnpkg.com/lodash/-/lodash-4.17.4.tgz#78203a4d1c328ae1d86dca6460e369b57f4055ae"

lolex@^1.4.0:
  version "1.6.0"
  resolved "https://registry.yarnpkg.com/lolex/-/lolex-1.6.0.tgz#3a9a0283452a47d7439e72731b9e07d7386e49f6"

minimatch@^3.0.2, minimatch@^3.0.4:
  version "3.0.4"
  resolved "https://registry.yarnpkg.com/minimatch/-/minimatch-3.0.4.tgz#5166e286457f03306064be5497e8dbb0c3d32083"
  dependencies:
    brace-expansion "^1.1.7"

minimist@0.0.8:
  version "0.0.8"
  resolved "https://registry.yarnpkg.com/minimist/-/minimist-0.0.8.tgz#857fcabfc3397d2625b8228262e86aa7a011b05d"

mkdirp@0.5.1:
  version "0.5.1"
  resolved "https://registry.yarnpkg.com/mkdirp/-/mkdirp-0.5.1.tgz#30057438eac6cf7f8c4767f38648d6697d75c903"
  dependencies:
    minimist "0.0.8"

mocha-env-reporter@2.0.4:
  version "2.0.4"
  resolved "https://registry.yarnpkg.com/mocha-env-reporter/-/mocha-env-reporter-2.0.4.tgz#369be8fbc9b518abf993637d83dde444fb0289a9"
  dependencies:
    mocha-teamcity-reporter "1.1.1"

mocha-teamcity-reporter@1.1.1:
  version "1.1.1"
  resolved "https://registry.yarnpkg.com/mocha-teamcity-reporter/-/mocha-teamcity-reporter-1.1.1.tgz#696e67b3d3d3bf7222c3608f3523537f85411439"
  dependencies:
    mocha ">=1.13.0"

mocha@3.2.0:
  version "3.2.0"
  resolved "https://registry.yarnpkg.com/mocha/-/mocha-3.2.0.tgz#7dc4f45e5088075171a68896814e6ae9eb7a85e3"
  dependencies:
    browser-stdout "1.3.0"
    commander "2.9.0"
    debug "2.2.0"
    diff "1.4.0"
    escape-string-regexp "1.0.5"
    glob "7.0.5"
    growl "1.9.2"
    json3 "3.3.2"
    lodash.create "3.1.1"
    mkdirp "0.5.1"
    supports-color "3.1.2"

mocha@>=1.13.0:
  version "4.0.0"
  resolved "https://registry.yarnpkg.com/mocha/-/mocha-4.0.0.tgz#3da718ccd76e93b9d82afb065e17086bdbe352bf"
  dependencies:
    browser-stdout "1.3.0"
    commander "2.11.0"
    debug "3.1.0"
    diff "3.3.1"
    escape-string-regexp "1.0.5"
    glob "7.1.2"
    growl "1.10.2"
    he "1.1.1"
    mkdirp "0.5.1"
    supports-color "4.4.0"

ms@0.7.1:
  version "0.7.1"
  resolved "https://registry.yarnpkg.com/ms/-/ms-0.7.1.tgz#9cd13c03adbff25b65effde7ce864ee952017098"

ms@0.7.2:
  version "0.7.2"
  resolved "https://registry.yarnpkg.com/ms/-/ms-0.7.2.tgz#ae25cf2512b3885a1d95d7f037868d8431124765"

ms@2.0.0:
  version "2.0.0"
  resolved "https://registry.yarnpkg.com/ms/-/ms-2.0.0.tgz#5608aeadfc00be6c2901df5f9861788de0d597c8"

object-component@0.0.3:
  version "0.0.3"
  resolved "https://registry.yarnpkg.com/object-component/-/object-component-0.0.3.tgz#f0c69aa50efc95b866c186f400a33769cb2f1291"

once@^1.3.0:
  version "1.4.0"
  resolved "https://registry.yarnpkg.com/once/-/once-1.4.0.tgz#583b1aa775961d4b113ac17d9c50baef9dd76bd1"
  dependencies:
    wrappy "1"

options@>=0.0.5:
  version "0.0.6"
  resolved "https://registry.yarnpkg.com/options/-/options-0.0.6.tgz#ec22d312806bb53e731773e7cdaefcf1c643128f"

parsejson@0.0.3:
  version "0.0.3"
  resolved "https://registry.yarnpkg.com/parsejson/-/parsejson-0.0.3.tgz#ab7e3759f209ece99437973f7d0f1f64ae0e64ab"
  dependencies:
    better-assert "~1.0.0"

parseqs@0.0.5:
  version "0.0.5"
  resolved "https://registry.yarnpkg.com/parseqs/-/parseqs-0.0.5.tgz#d5208a3738e46766e291ba2ea173684921a8b89d"
  dependencies:
    better-assert "~1.0.0"

parseuri@0.0.5:
  version "0.0.5"
  resolved "https://registry.yarnpkg.com/parseuri/-/parseuri-0.0.5.tgz#80204a50d4dbb779bfdc6ebe2778d90e4bce320a"
  dependencies:
    better-assert "~1.0.0"

path-is-absolute@^1.0.0:
  version "1.0.1"
  resolved "https://registry.yarnpkg.com/path-is-absolute/-/path-is-absolute-1.0.1.tgz#174b9268735534ffbc7ace6bf53a5a9e1b5c5f5f"

path-parse@^1.0.5:
  version "1.0.5"
  resolved "https://registry.yarnpkg.com/path-parse/-/path-parse-1.0.5.tgz#3c1adf871ea9cd6c9431b6ea2bd74a0ff055c4c1"

resolve@^1.3.3:
  version "1.4.0"
  resolved "https://registry.yarnpkg.com/resolve/-/resolve-1.4.0.tgz#a75be01c53da25d934a98ebd0e4c4a7312f92a86"
  dependencies:
    path-parse "^1.0.5"

rimraf@2.6.0:
  version "2.6.0"
  resolved "https://registry.yarnpkg.com/rimraf/-/rimraf-2.6.0.tgz#89b8a0fe432b9ff9ec9a925a00b6cdb3a91bbada"
  dependencies:
    glob "^7.0.5"

rx@2.3.24:
  version "2.3.24"
  resolved "https://registry.yarnpkg.com/rx/-/rx-2.3.24.tgz#14f950a4217d7e35daa71bbcbe58eff68ea4b2b7"

samsam@^1.1.3:
  version "1.3.0"
  resolved "https://registry.yarnpkg.com/samsam/-/samsam-1.3.0.tgz#8d1d9350e25622da30de3e44ba692b5221ab7c50"

samsam@~1.1:
  version "1.1.3"
  resolved "https://registry.yarnpkg.com/samsam/-/samsam-1.1.3.tgz#9f5087419b4d091f232571e7fa52e90b0f552621"

semver@5.3.0:
  version "5.3.0"
  resolved "https://registry.yarnpkg.com/semver/-/semver-5.3.0.tgz#9b2ce5d3de02d17c6012ad326aa6b4d0cf54f94f"

sinon@2.0.0-pre.2:
  version "2.0.0-pre.2"
  resolved "https://registry.yarnpkg.com/sinon/-/sinon-2.0.0-pre.2.tgz#b11fc5a1fb092d64a228c782e516e7e85eede0af"
  dependencies:
    formatio "1.1.1"
    lolex "^1.4.0"
    samsam "^1.1.3"
    text-encoding "0.5.2"

socket.io-client@1.7.3:
  version "1.7.3"
  resolved "https://registry.yarnpkg.com/socket.io-client/-/socket.io-client-1.7.3.tgz#b30e86aa10d5ef3546601c09cde4765e381da377"
  dependencies:
    backo2 "1.0.2"
    component-bind "1.0.0"
    component-emitter "1.2.1"
    debug "2.3.3"
    engine.io-client "1.8.3"
    has-binary "0.1.7"
    indexof "0.0.1"
    object-component "0.0.3"
    parseuri "0.0.5"
    socket.io-parser "2.3.1"
    to-array "0.1.4"

socket.io-parser@2.3.1:
  version "2.3.1"
  resolved "https://registry.yarnpkg.com/socket.io-parser/-/socket.io-parser-2.3.1.tgz#dd532025103ce429697326befd64005fcfe5b4a0"
  dependencies:
    component-emitter "1.1.2"
    debug "2.2.0"
    isarray "0.0.1"
    json3 "3.3.2"

socketio-wildcard@0.4.0:
  version "0.4.0"
  resolved "https://registry.yarnpkg.com/socketio-wildcard/-/socketio-wildcard-0.4.0.tgz#cf92bcc769e51d5807949f1400a168524b95dc2e"

source-map-support@0.4.11:
  version "0.4.11"
  resolved "https://registry.yarnpkg.com/source-map-support/-/source-map-support-0.4.11.tgz#647f939978b38535909530885303daf23279f322"
  dependencies:
    source-map "^0.5.3"

source-map@^0.5.3:
  version "0.5.7"
  resolved "https://registry.yarnpkg.com/source-map/-/source-map-0.5.7.tgz#8a039d2d1021d22d1ea14c80d8ea468ba2ef3fcc"

spawn-command@^0.0.2-1:
  version "0.0.2"
  resolved "https://registry.yarnpkg.com/spawn-command/-/spawn-command-0.0.2.tgz#9544e1a43ca045f8531aac1a48cb29bdae62338e"

strip-ansi@^0.3.0:
  version "0.3.0"
  resolved "https://registry.yarnpkg.com/strip-ansi/-/strip-ansi-0.3.0.tgz#25f48ea22ca79187f3174a4db8759347bb126220"
  dependencies:
    ansi-regex "^0.2.1"

supports-color@3.1.2:
  version "3.1.2"
  resolved "https://registry.yarnpkg.com/supports-color/-/supports-color-3.1.2.tgz#72a262894d9d408b956ca05ff37b2ed8a6e2a2d5"
  dependencies:
    has-flag "^1.0.0"

supports-color@4.4.0:
  version "4.4.0"
  resolved "https://registry.yarnpkg.com/supports-color/-/supports-color-4.4.0.tgz#883f7ddabc165142b2a61427f3352ded195d1a3e"
  dependencies:
    has-flag "^2.0.0"

supports-color@^0.2.0:
  version "0.2.0"
  resolved "https://registry.yarnpkg.com/supports-color/-/supports-color-0.2.0.tgz#d92de2694eb3f67323973d7ae3d8b55b4c22190a"

supports-color@^3.2.3:
  version "3.2.3"
  resolved "https://registry.yarnpkg.com/supports-color/-/supports-color-3.2.3.tgz#65ac0504b3954171d8a64946b2ae3cbb8a5f54f6"
  dependencies:
    has-flag "^1.0.0"

text-encoding@0.5.2:
  version "0.5.2"
  resolved "https://registry.yarnpkg.com/text-encoding/-/text-encoding-0.5.2.tgz#85b4660819f088777609465551690fea137d824a"

to-array@0.1.4:
  version "0.1.4"
  resolved "https://registry.yarnpkg.com/to-array/-/to-array-0.1.4.tgz#17e6c11f73dd4f3d74cda7a4ff3238e9ad9bf890"

tree-kill@^1.1.0:
  version "1.2.0"
  resolved "https://registry.yarnpkg.com/tree-kill/-/tree-kill-1.2.0.tgz#5846786237b4239014f05db156b643212d4c6f36"

type-detect@0.1.1:
  version "0.1.1"
  resolved "https://registry.yarnpkg.com/type-detect/-/type-detect-0.1.1.tgz#0ba5ec2a885640e470ea4e8505971900dac58822"

type-detect@^1.0.0:
  version "1.0.0"
  resolved "https://registry.yarnpkg.com/type-detect/-/type-detect-1.0.0.tgz#762217cc06db258ec48908a1298e8b95121e8ea2"

typescript@2.5.3:
  version "2.5.3"
  resolved "https://registry.yarnpkg.com/typescript/-/typescript-2.5.3.tgz#df3dcdc38f3beb800d4bc322646b04a3f6ca7f0d"

ultron@1.0.x:
  version "1.0.2"
  resolved "https://registry.yarnpkg.com/ultron/-/ultron-1.0.2.tgz#ace116ab557cd197386a4e88f4685378c8b2e4fa"

wrappy@1:
  version "1.0.2"
  resolved "https://registry.yarnpkg.com/wrappy/-/wrappy-1.0.2.tgz#b5243d8f3ec1aa35f1364605bc0d1036e30ab69f"

ws@1.1.2:
  version "1.1.2"
  resolved "https://registry.yarnpkg.com/ws/-/ws-1.1.2.tgz#8a244fa052401e08c9886cf44a85189e1fd4067f"
  dependencies:
    options ">=0.0.5"
    ultron "1.0.x"

wtf-8@1.0.0:
  version "1.0.0"
  resolved "https://registry.yarnpkg.com/wtf-8/-/wtf-8-1.0.0.tgz#392d8ba2d0f1c34d1ee2d630f15d0efb68e1048a"

xmlhttprequest-ssl@1.5.3:
  version "1.5.3"
  resolved "https://registry.yarnpkg.com/xmlhttprequest-ssl/-/xmlhttprequest-ssl-1.5.3.tgz#185a888c04eca46c3e4070d99f7b49de3528992d"

yeast@0.1.2:
  version "0.1.2"
  resolved "https://registry.yarnpkg.com/yeast/-/yeast-0.1.2.tgz#008e06d8094320c372dbc2f8ed76a0ca6c8ac419"
